
Microsoft Visual Studio Solution File, Format Version 12.00
# Visual Studio Version 17
VisualStudioVersion = 17.2.32630.192
MinimumVisualStudioVersion = 10.0.40219.1
Project("{9A19103F-16F7-4668-BE54-9A1E7A4F7556}") = "BankUnitTest", "BankUnitTest\BankUnitTest.csproj", "{68049F9A-E916-4351-9922-AEB4012DD8BC}"
EndProject
Project("{FAE04EC0-301F-11D3-BF4B-00C04F79EFBC}") = "TestAccount", "TestAccount\TestAccount.csproj", "{30FF5413-2462-43E0-A849-0E6332A2E699}"
EndProject
Global
	GlobalSection(SolutionConfigurationPlatforms) = preSolution
		Debug|Any CPU = Debug|Any CPU
		Release|Any CPU = Release|Any CPU
	EndGlobalSection
	GlobalSection(ProjectConfigurationPlatforms) = postSolution
		{68049F9A-E916-4351-9922-AEB4012DD8BC}.Debug|Any CPU.ActiveCfg = Debug|Any CPU
		{68049F9A-E916-4351-9922-AEB4012DD8BC}.Debug|Any CPU.Build.0 = Debug|Any CPU
		{68049F9A-E916-4351-9922-AEB4012DD8BC}.Release|Any CPU.ActiveCfg = Release|Any CPU
		{68049F9A-E916-4351-9922-AEB4012DD8BC}.Release|Any CPU.Build.0 = Release|Any CPU
		{30FF5413-2462-43E0-A849-0E6332A2E699}.Debug|Any CPU.ActiveCfg = Debug|Any CPU
		{30FF5413-2462-43E0-A849-0E6332A2E699}.Debug|Any CPU.Build.0 = Debug|Any CPU
		{30FF5413-2462-43E0-A849-0E6332A2E699}.Release|Any CPU.ActiveCfg = Release|Any CPU
		{30FF5413-2462-43E0-A849-0E6332A2E699}.Release|Any CPU.Build.0 = Release|Any CPU
	EndGlobalSection
	GlobalSection(SolutionProperties) = preSolution
		HideSolutionNode = FALSE
	EndGlobalSection
	GlobalSection(ExtensibilityGlobals) = postSolution
		SolutionGuid = {4AE609E0-B6BB-46C5-BA6D-F3D0F982B635}
	EndGlobalSection
EndGlobal
